PODS:
  - ARMDevSuite (0.1.11):
    - ARMDevSuite/Alerts (= 0.1.11)
    - ARMDevSuite/Layouts (= 0.1.11)
    - ARMDevSuite/LocalData (= 0.1.11)
    - JGProgressHUD
  - ARMDevSuite/Alerts (0.1.11):
    - JGProgressHUD
  - ARMDevSuite/Layouts (0.1.11):
    - JGProgressHUD
  - ARMDevSuite/LocalData (0.1.11):
    - JGProgressHUD
  - JGProgressHUD (2.0.3)

DEPENDENCIES:
  - ARMDevSuite (from `../`)
  - JGProgressHUD

SPEC REPOS:
  https://github.com/cocoapods/specs.git:
    - JGProgressHUD

EXTERNAL SOURCES:
  ARMDevSuite:
    :path: "../"

SPEC CHECKSUMS:
  ARMDevSuite: b7781fe884ec3d2fa2b145ece78c25bb2a5b47b2
  JGProgressHUD: 12b20a8f4ffe05258f8635c1ab92816e451f904d

PODFILE CHECKSUM: 0cc5a3cff44fabc27766675355711f90e8a0623a

COCOAPODS: 1.6.0.beta.2
