PODS:
  - ARMDevSuite (0.1.12):
    - ARMDevSuite/Alerts (= 0.1.12)
    - ARMDevSuite/Layouts (= 0.1.12)
    - ARMDevSuite/LocalData (= 0.1.12)
    - ARMDevSuite/Logic (= 0.1.12)
    - ARMDevSuite/UISuite (= 0.1.12)
    - JGProgressHUD
  - ARMDevSuite/Alerts (0.1.12):
    - JGProgressHUD
  - ARMDevSuite/Layouts (0.1.12):
    - JGProgressHUD
  - ARMDevSuite/LocalData (0.1.12):
    - JGProgressHUD
  - ARMDevSuite/Logic (0.1.12):
    - JGProgressHUD
  - ARMDevSuite/UISuite (0.1.12):
    - ARMDevSuite/Layouts
    - JGProgressHUD
  - JGProgressHUD (2.0.3)

DEPENDENCIES:
  - ARMDevSuite (from `../`)
  - JGProgressHUD

SPEC REPOS:
  https://github.com/cocoapods/specs.git:
    - JGProgressHUD

EXTERNAL SOURCES:
  ARMDevSuite:
    :path: "../"

SPEC CHECKSUMS:
  ARMDevSuite: 3544c707a38321d3db9ba38e70e61b068d57c5f5
  JGProgressHUD: 12b20a8f4ffe05258f8635c1ab92816e451f904d

PODFILE CHECKSUM: 0cc5a3cff44fabc27766675355711f90e8a0623a

COCOAPODS: 1.6.0.beta.2
