PODS:
  - ARMDevSuite (0.1.19):
    - ARMDevSuite/Alerts (= 0.1.19)
    - ARMDevSuite/Layouts (= 0.1.19)
    - ARMDevSuite/LocalData (= 0.1.19)
    - ARMDevSuite/Logic (= 0.1.19)
    - ARMDevSuite/Onboarding (= 0.1.19)
    - ARMDevSuite/SegControl (= 0.1.19)
    - ARMDevSuite/TextField (= 0.1.19)
    - ARMDevSuite/UISuite (= 0.1.19)
  - ARMDevSuite/Alerts (0.1.19):
    - JGProgressHUD
  - ARMDevSuite/Layouts (0.1.19)
  - ARMDevSuite/LocalData (0.1.19)
  - ARMDevSuite/Logic (0.1.19):
    - CryptoSwift
  - ARMDevSuite/Onboarding (0.1.19):
    - ARMDevSuite/Layouts
    - ARMDevSuite/UISuite
  - ARMDevSuite/SegControl (0.1.19):
    - ARMDevSuite/Layouts
    - ARMDevSuite/UISuite
  - ARMDevSuite/TextField (0.1.19):
    - ARMDevSuite/UISuite
    - SkyFloatingLabelTextField (~> 3.0)
  - ARMDevSuite/UISuite (0.1.19):
    - ARMDevSuite/Layouts
  - CryptoSwift (0.14.0)
  - JGProgressHUD (2.0.3)
  - SkyFloatingLabelTextField (3.6.0)

DEPENDENCIES:
  - ARMDevSuite (from `../`)
  - JGProgressHUD

SPEC REPOS:
  https://github.com/cocoapods/specs.git:
    - CryptoSwift
    - JGProgressHUD
    - SkyFloatingLabelTextField

EXTERNAL SOURCES:
  ARMDevSuite:
    :path: "../"

SPEC CHECKSUMS:
  ARMDevSuite: c75cf5f5ad209e824b0759a97dcf89354a189f40
  CryptoSwift: 35a10419f4dbf0619c13f8c1c180037e115323fa
  JGProgressHUD: 12b20a8f4ffe05258f8635c1ab92816e451f904d
  SkyFloatingLabelTextField: 38164979b79512f9ff9288ad8acfc4bbf5d843e3

PODFILE CHECKSUM: 0cc5a3cff44fabc27766675355711f90e8a0623a

COCOAPODS: 1.6.0.beta.2
